
Microsoft Visual Studio Solution File, Format Version 12.00
# Visual Studio Version 16
VisualStudioVersion = 16.0.31410.357
MinimumVisualStudioVersion = 10.0.40219.1
Project("{FAE04EC0-301F-11D3-BF4B-00C04F79EFBC}") = "ExercTiposEnum", "ExercTiposEnum\ExercTiposEnum.csproj", "{F8D3A21B-9E4A-4357-B028-78828C43040D}"
EndProject
Global
	GlobalSection(SolutionConfigurationPlatforms) = preSolution
		Debug|Any CPU = Debug|Any CPU
		Release|Any CPU = Release|Any CPU
	EndGlobalSection
	GlobalSection(ProjectConfigurationPlatforms) = postSolution
		{F8D3A21B-9E4A-4357-B028-78828C43040D}.Debug|Any CPU.ActiveCfg = Debug|Any CPU
		{F8D3A21B-9E4A-4357-B028-78828C43040D}.Debug|Any CPU.Build.0 = Debug|Any CPU
		{F8D3A21B-9E4A-4357-B028-78828C43040D}.Release|Any CPU.ActiveCfg = Release|Any CPU
		{F8D3A21B-9E4A-4357-B028-78828C43040D}.Release|Any CPU.Build.0 = Release|Any CPU
	EndGlobalSection
	GlobalSection(SolutionProperties) = preSolution
		HideSolutionNode = FALSE
	EndGlobalSection
	GlobalSection(ExtensibilityGlobals) = postSolution
		SolutionGuid = {A533B65C-3903-4954-95E9-EE524DF230CD}
	EndGlobalSection
EndGlobal
