
Microsoft Visual Studio Solution File, Format Version 12.00
# Visual Studio Version 16
VisualStudioVersion = 16.0.31402.337
MinimumVisualStudioVersion = 10.0.40219.1
Project("{FAE04EC0-301F-11D3-BF4B-00C04F79EFBC}") = "ExercVetores", "ExercVetores\ExercVetores.csproj", "{8EDC33DF-5C0C-421B-AC15-E30082708DF3}"
EndProject
Global
	GlobalSection(SolutionConfigurationPlatforms) = preSolution
		Debug|Any CPU = Debug|Any CPU
		Release|Any CPU = Release|Any CPU
	EndGlobalSection
	GlobalSection(ProjectConfigurationPlatforms) = postSolution
		{8EDC33DF-5C0C-421B-AC15-E30082708DF3}.Debug|Any CPU.ActiveCfg = Debug|Any CPU
		{8EDC33DF-5C0C-421B-AC15-E30082708DF3}.Debug|Any CPU.Build.0 = Debug|Any CPU
		{8EDC33DF-5C0C-421B-AC15-E30082708DF3}.Release|Any CPU.ActiveCfg = Release|Any CPU
		{8EDC33DF-5C0C-421B-AC15-E30082708DF3}.Release|Any CPU.Build.0 = Release|Any CPU
	EndGlobalSection
	GlobalSection(SolutionProperties) = preSolution
		HideSolutionNode = FALSE
	EndGlobalSection
	GlobalSection(ExtensibilityGlobals) = postSolution
		SolutionGuid = {306E7B03-3443-4E5E-A5D0-7C1F90ADE2E6}
	EndGlobalSection
EndGlobal
