
Microsoft Visual Studio Solution File, Format Version 12.00
# Visual Studio Version 16
VisualStudioVersion = 16.0.31410.357
MinimumVisualStudioVersion = 10.0.40219.1
Project("{FAE04EC0-301F-11D3-BF4B-00C04F79EFBC}") = "ExercResolvido2ClasseRelacio", "ExercResolvido2ClasseRelacio\ExercResolvido2ClasseRelacio.csproj", "{871EB906-A0AC-46E8-B092-2A680674A373}"
EndProject
Global
	GlobalSection(SolutionConfigurationPlatforms) = preSolution
		Debug|Any CPU = Debug|Any CPU
		Release|Any CPU = Release|Any CPU
	EndGlobalSection
	GlobalSection(ProjectConfigurationPlatforms) = postSolution
		{871EB906-A0AC-46E8-B092-2A680674A373}.Debug|Any CPU.ActiveCfg = Debug|Any CPU
		{871EB906-A0AC-46E8-B092-2A680674A373}.Debug|Any CPU.Build.0 = Debug|Any CPU
		{871EB906-A0AC-46E8-B092-2A680674A373}.Release|Any CPU.ActiveCfg = Release|Any CPU
		{871EB906-A0AC-46E8-B092-2A680674A373}.Release|Any CPU.Build.0 = Release|Any CPU
	EndGlobalSection
	GlobalSection(SolutionProperties) = preSolution
		HideSolutionNode = FALSE
	EndGlobalSection
	GlobalSection(ExtensibilityGlobals) = postSolution
		SolutionGuid = {DE6D2D58-817F-4C55-991B-7BE6B0E4E1ED}
	EndGlobalSection
EndGlobal
