
Microsoft Visual Studio Solution File, Format Version 12.00
# Visual Studio Version 16
VisualStudioVersion = 16.0.31702.278
MinimumVisualStudioVersion = 10.0.40219.1
Project("{FAE04EC0-301F-11D3-BF4B-00C04F79EFBC}") = "ex1HeP", "ex1HeP\ex1HeP.csproj", "{912C004B-5CD8-4D66-8598-BBD28468F183}"
EndProject
Global
	GlobalSection(SolutionConfigurationPlatforms) = preSolution
		Debug|Any CPU = Debug|Any CPU
		Release|Any CPU = Release|Any CPU
	EndGlobalSection
	GlobalSection(ProjectConfigurationPlatforms) = postSolution
		{912C004B-5CD8-4D66-8598-BBD28468F183}.Debug|Any CPU.ActiveCfg = Debug|Any CPU
		{912C004B-5CD8-4D66-8598-BBD28468F183}.Debug|Any CPU.Build.0 = Debug|Any CPU
		{912C004B-5CD8-4D66-8598-BBD28468F183}.Release|Any CPU.ActiveCfg = Release|Any CPU
		{912C004B-5CD8-4D66-8598-BBD28468F183}.Release|Any CPU.Build.0 = Release|Any CPU
	EndGlobalSection
	GlobalSection(SolutionProperties) = preSolution
		HideSolutionNode = FALSE
	EndGlobalSection
	GlobalSection(ExtensibilityGlobals) = postSolution
		SolutionGuid = {49D791D5-1071-4759-902A-6BCC738853CD}
	EndGlobalSection
EndGlobal
