
Microsoft Visual Studio Solution File, Format Version 12.00
# Visual Studio Version 16
VisualStudioVersion = 16.0.31402.337
MinimumVisualStudioVersion = 10.0.40219.1
Project("{FAE04EC0-301F-11D3-BF4B-00C04F79EFBC}") = "curso", "curso\curso.csproj", "{EDEE9FA1-486C-44D1-80D2-486EB93181AD}"
EndProject
Global
	GlobalSection(SolutionConfigurationPlatforms) = preSolution
		Debug|Any CPU = Debug|Any CPU
		Release|Any CPU = Release|Any CPU
	EndGlobalSection
	GlobalSection(ProjectConfigurationPlatforms) = postSolution
		{EDEE9FA1-486C-44D1-80D2-486EB93181AD}.Debug|Any CPU.ActiveCfg = Debug|Any CPU
		{EDEE9FA1-486C-44D1-80D2-486EB93181AD}.Debug|Any CPU.Build.0 = Debug|Any CPU
		{EDEE9FA1-486C-44D1-80D2-486EB93181AD}.Release|Any CPU.ActiveCfg = Release|Any CPU
		{EDEE9FA1-486C-44D1-80D2-486EB93181AD}.Release|Any CPU.Build.0 = Release|Any CPU
	EndGlobalSection
	GlobalSection(SolutionProperties) = preSolution
		HideSolutionNode = FALSE
	EndGlobalSection
	GlobalSection(ExtensibilityGlobals) = postSolution
		SolutionGuid = {DFFCE35C-CA8C-422C-B09B-FA2FEEFC1FC9}
	EndGlobalSection
EndGlobal
