
Microsoft Visual Studio Solution File, Format Version 12.00
# Visual Studio Version 16
VisualStudioVersion = 16.0.31402.337
MinimumVisualStudioVersion = 10.0.40219.1
Project("{FAE04EC0-301F-11D3-BF4B-00C04F79EFBC}") = "ExerEstruturaSequencial", "ExerEstruturaSequencial\ExerEstruturaSequencial.csproj", "{47AEA979-710E-4C81-87B4-081317B0C23B}"
EndProject
Global
	GlobalSection(SolutionConfigurationPlatforms) = preSolution
		Debug|Any CPU = Debug|Any CPU
		Release|Any CPU = Release|Any CPU
	EndGlobalSection
	GlobalSection(ProjectConfigurationPlatforms) = postSolution
		{47AEA979-710E-4C81-87B4-081317B0C23B}.Debug|Any CPU.ActiveCfg = Debug|Any CPU
		{47AEA979-710E-4C81-87B4-081317B0C23B}.Debug|Any CPU.Build.0 = Debug|Any CPU
		{47AEA979-710E-4C81-87B4-081317B0C23B}.Release|Any CPU.ActiveCfg = Release|Any CPU
		{47AEA979-710E-4C81-87B4-081317B0C23B}.Release|Any CPU.Build.0 = Release|Any CPU
	EndGlobalSection
	GlobalSection(SolutionProperties) = preSolution
		HideSolutionNode = FALSE
	EndGlobalSection
	GlobalSection(ExtensibilityGlobals) = postSolution
		SolutionGuid = {84107BC3-AC69-448D-AF8D-6444DC3A5FDA}
	EndGlobalSection
EndGlobal
